
Microsoft Visual Studio Solution File, Format Version 12.00
# Visual Studio Version 16
VisualStudioVersion = 16.0.29102.190
MinimumVisualStudioVersion = 10.0.40219.1
Project("{FAE04EC0-301F-11D3-BF4B-00C04F79EFBC}") = "Login 2", "Login 2\Login 2.csproj", "{9897344C-7010-497B-89A5-1055C50B835F}"
EndProject
Global
	GlobalSection(SolutionConfigurationPlatforms) = preSolution
		Debug|Any CPU = Debug|Any CPU
		Release|Any CPU = Release|Any CPU
	EndGlobalSection
	GlobalSection(ProjectConfigurationPlatforms) = postSolution
		{9897344C-7010-497B-89A5-1055C50B835F}.Debug|Any CPU.ActiveCfg = Debug|Any CPU
		{9897344C-7010-497B-89A5-1055C50B835F}.Debug|Any CPU.Build.0 = Debug|Any CPU
		{9897344C-7010-497B-89A5-1055C50B835F}.Release|Any CPU.ActiveCfg = Release|Any CPU
		{9897344C-7010-497B-89A5-1055C50B835F}.Release|Any CPU.Build.0 = Release|Any CPU
	EndGlobalSection
	GlobalSection(SolutionProperties) = preSolution
		HideSolutionNode = FALSE
	EndGlobalSection
	GlobalSection(ExtensibilityGlobals) = postSolution
		SolutionGuid = {ECB3900A-31D4-4D0E-80B9-55699A3E303E}
	EndGlobalSection
EndGlobal
